
Microsoft Visual Studio Solution File, Format Version 12.00
# Visual Studio Version 17
VisualStudioVersion = 17.0.31903.59
MinimumVisualStudioVersion = 10.0.40219.1
Project("{2150E333-8FDC-42A3-9474-1A3956D46DE8}") = "src", "src", "{F4D7B1A6-EFE0-47F2-A335-796609419F49}"
EndProject
Project("{FAE04EC0-301F-11D3-BF4B-00C04F79EFBC}") = "EAuction.Core", "src\EAuction.Core\EAuction.Core.csproj", "{5EACCEA7-43C9-4B87-9BA0-EB44E9B11D05}"
EndProject
Project("{FAE04EC0-301F-11D3-BF4B-00C04F79EFBC}") = "EAuction.BidCatcher", "src\EAuction.BidCatcher\EAuction.BidCatcher.csproj", "{18C24976-E6CF-42A5-A826-A06165DA3AF5}"
EndProject
Project("{FAE04EC0-301F-11D3-BF4B-00C04F79EFBC}") = "EAuction.BidProcessor", "src\EAuction.BidProcessor\EAuction.BidProcessor.csproj", "{6E308DFD-9D6B-4D43-9755-888D4831759E}"
EndProject
Project("{2150E333-8FDC-42A3-9474-1A3956D46DE8}") = "tests", "tests", "{A242872C-59A3-41CD-90D0-ADE3ECBFD43B}"
EndProject
Project("{FAE04EC0-301F-11D3-BF4B-00C04F79EFBC}") = "EAuction.Tests", "tests\EAuction.Tests\EAuction.Tests.csproj", "{A2BB5D19-87CC-4E24-A532-2B59D6AA1CEA}"
EndProject
Project("{2150E333-8FDC-42A3-9474-1A3956D46DE8}") = "tools", "tools", "{A92D71F4-B202-487E-9832-C71F6A64C20B}"
EndProject
Project("{FAE04EC0-301F-11D3-BF4B-00C04F79EFBC}") = "EAuction.LoadTest", "tools\loadtest\EAuction.LoadTest.csproj", "{12069120-BEEE-4071-906C-88D1A5876886}"
EndProject
Project("{FAE04EC0-301F-11D3-BF4B-00C04F79EFBC}") = "EAuction.AuctionAdmin", "src\EAuction.AuctionAdmin\EAuction.AuctionAdmin.csproj", "{38A52742-28F9-4C5A-8896-894214A3DDB9}"
EndProject
Project("{FAE04EC0-301F-11D3-BF4B-00C04F79EFBC}") = "EAuction.AuctionAdmin.Tests", "tests\EAuction.AuctionAdmin.Tests\EAuction.AuctionAdmin.Tests.csproj", "{2FBA6E12-C6D5-43A1-9B16-881947D6B9AE}"
EndProject
Project("{FAE04EC0-301F-11D3-BF4B-00C04F79EFBC}") = "EAuction.Outbox", "src\EAuction.Outbox\EAuction.Outbox.csproj", "{FDF4C1E6-313D-4D6D-8A3A-0D186A7A7A20}"
EndProject
Project("{FAE04EC0-301F-11D3-BF4B-00C04F79EFBC}") = "EAuction.Participant", "src\EAuction.Participant\EAuction.Participant.csproj", "{AC1CDF0D-0873-4707-94EF-69B8B918EDE7}"
EndProject
Project("{FAE04EC0-301F-11D3-BF4B-00C04F79EFBC}") = "EAuction.Participant.Tests", "tests\EAuction.Participant.Tests\EAuction.Participant.Tests.csproj", "{1E494369-B6A8-42AC-A1F3-66348B21B267}"
EndProject
Project("{FAE04EC0-301F-11D3-BF4B-00C04F79EFBC}") = "EAuction.Kafka.Tests", "tests\EAuction.Kafka.Tests\EAuction.Kafka.Tests.csproj", "{AF931B85-0A0B-4F74-AC61-A196B42B4E1D}"
EndProject
Project("{FAE04EC0-301F-11D3-BF4B-00C04F79EFBC}") = "EAuction.Security", "src\EAuction.Security\EAuction.Security.csproj", "{D921E4E6-2E01-4C60-BFF2-227154227DBB}"
EndProject
Project("{FAE04EC0-301F-11D3-BF4B-00C04F79EFBC}") = "EAuction.TestSupport", "tests\EAuction.TestSupport\EAuction.TestSupport.csproj", "{48733B42-1046-4F67-9686-5C3D439B3777}"
EndProject
Project("{FAE04EC0-301F-11D3-BF4B-00C04F79EFBC}") = "EAuction.Participant.Api.Tests", "tests\EAuction.Participant.Api.Tests\EAuction.Participant.Api.Tests.csproj", "{E8B5918A-1133-4DAB-974F-10C0105742A9}"
EndProject
Project("{FAE04EC0-301F-11D3-BF4B-00C04F79EFBC}") = "EAuction.Smoke", "tools\smoke\EAuction.Smoke.csproj", "{72BB7D44-4DBC-4304-981A-F093E43DA2C3}"
EndProject
Project("{FAE04EC0-301F-11D3-BF4B-00C04F79EFBC}") = "EAuction.Migrate", "tools\migrate\EAuction.Migrate.csproj", "{45B2A729-A239-44D7-A41D-804A20C2FE34}"
EndProject
Project("{FAE04EC0-301F-11D3-BF4B-00C04F79EFBC}") = "EAuction.Topics", "tools\topics\EAuction.Topics.csproj", "{A0376C56-AC75-4AC8-BBD4-880B3E1134B4}"
EndProject
Project("{FAE04EC0-301F-11D3-BF4B-00C04F79EFBC}") = "EAuction.QueryBff", "src\EAuction.QueryBff\EAuction.QueryBff.csproj", "{F7C45445-7D0B-424B-86B6-6762178A3C89}"
EndProject
Project("{FAE04EC0-301F-11D3-BF4B-00C04F79EFBC}") = "EAuction.QueryBff.Tests", "tests\EAuction.QueryBff.Tests\EAuction.QueryBff.Tests.csproj", "{1A428D40-8846-4287-908D-A9368B95ADC1}"
EndProject
Global
	GlobalSection(SolutionConfigurationPlatforms) = preSolution
		Debug|Any CPU = Debug|Any CPU
		Release|Any CPU = Release|Any CPU
	EndGlobalSection
	GlobalSection(SolutionProperties) = preSolution
		HideSolutionNode = FALSE
	EndGlobalSection
	GlobalSection(ProjectConfigurationPlatforms) = postSolution
		{5EACCEA7-43C9-4B87-9BA0-EB44E9B11D05}.Debug|Any CPU.ActiveCfg = Debug|Any CPU
		{5EACCEA7-43C9-4B87-9BA0-EB44E9B11D05}.Debug|Any CPU.Build.0 = Debug|Any CPU
		{5EACCEA7-43C9-4B87-9BA0-EB44E9B11D05}.Release|Any CPU.ActiveCfg = Release|Any CPU
		{5EACCEA7-43C9-4B87-9BA0-EB44E9B11D05}.Release|Any CPU.Build.0 = Release|Any CPU
		{18C24976-E6CF-42A5-A826-A06165DA3AF5}.Debug|Any CPU.ActiveCfg = Debug|Any CPU
		{18C24976-E6CF-42A5-A826-A06165DA3AF5}.Debug|Any CPU.Build.0 = Debug|Any CPU
		{18C24976-E6CF-42A5-A826-A06165DA3AF5}.Release|Any CPU.ActiveCfg = Release|Any CPU
		{18C24976-E6CF-42A5-A826-A06165DA3AF5}.Release|Any CPU.Build.0 = Release|Any CPU
		{6E308DFD-9D6B-4D43-9755-888D4831759E}.Debug|Any CPU.ActiveCfg = Debug|Any CPU
		{6E308DFD-9D6B-4D43-9755-888D4831759E}.Debug|Any CPU.Build.0 = Debug|Any CPU
		{6E308DFD-9D6B-4D43-9755-888D4831759E}.Release|Any CPU.ActiveCfg = Release|Any CPU
		{6E308DFD-9D6B-4D43-9755-888D4831759E}.Release|Any CPU.Build.0 = Release|Any CPU
		{A2BB5D19-87CC-4E24-A532-2B59D6AA1CEA}.Debug|Any CPU.ActiveCfg = Debug|Any CPU
		{A2BB5D19-87CC-4E24-A532-2B59D6AA1CEA}.Debug|Any CPU.Build.0 = Debug|Any CPU
		{A2BB5D19-87CC-4E24-A532-2B59D6AA1CEA}.Release|Any CPU.ActiveCfg = Release|Any CPU
		{A2BB5D19-87CC-4E24-A532-2B59D6AA1CEA}.Release|Any CPU.Build.0 = Release|Any CPU
		{12069120-BEEE-4071-906C-88D1A5876886}.Debug|Any CPU.ActiveCfg = Debug|Any CPU
		{12069120-BEEE-4071-906C-88D1A5876886}.Debug|Any CPU.Build.0 = Debug|Any CPU
		{12069120-BEEE-4071-906C-88D1A5876886}.Release|Any CPU.ActiveCfg = Release|Any CPU
		{12069120-BEEE-4071-906C-88D1A5876886}.Release|Any CPU.Build.0 = Release|Any CPU
		{38A52742-28F9-4C5A-8896-894214A3DDB9}.Debug|Any CPU.ActiveCfg = Debug|Any CPU
		{38A52742-28F9-4C5A-8896-894214A3DDB9}.Debug|Any CPU.Build.0 = Debug|Any CPU
		{38A52742-28F9-4C5A-8896-894214A3DDB9}.Release|Any CPU.ActiveCfg = Release|Any CPU
		{38A52742-28F9-4C5A-8896-894214A3DDB9}.Release|Any CPU.Build.0 = Release|Any CPU
		{2FBA6E12-C6D5-43A1-9B16-881947D6B9AE}.Debug|Any CPU.ActiveCfg = Debug|Any CPU
		{2FBA6E12-C6D5-43A1-9B16-881947D6B9AE}.Debug|Any CPU.Build.0 = Debug|Any CPU
		{2FBA6E12-C6D5-43A1-9B16-881947D6B9AE}.Release|Any CPU.ActiveCfg = Release|Any CPU
		{2FBA6E12-C6D5-43A1-9B16-881947D6B9AE}.Release|Any CPU.Build.0 = Release|Any CPU
		{FDF4C1E6-313D-4D6D-8A3A-0D186A7A7A20}.Debug|Any CPU.ActiveCfg = Debug|Any CPU
		{FDF4C1E6-313D-4D6D-8A3A-0D186A7A7A20}.Debug|Any CPU.Build.0 = Debug|Any CPU
		{FDF4C1E6-313D-4D6D-8A3A-0D186A7A7A20}.Release|Any CPU.ActiveCfg = Release|Any CPU
		{FDF4C1E6-313D-4D6D-8A3A-0D186A7A7A20}.Release|Any CPU.Build.0 = Release|Any CPU
		{AC1CDF0D-0873-4707-94EF-69B8B918EDE7}.Debug|Any CPU.ActiveCfg = Debug|Any CPU
		{AC1CDF0D-0873-4707-94EF-69B8B918EDE7}.Debug|Any CPU.Build.0 = Debug|Any CPU
		{AC1CDF0D-0873-4707-94EF-69B8B918EDE7}.Release|Any CPU.ActiveCfg = Release|Any CPU
		{AC1CDF0D-0873-4707-94EF-69B8B918EDE7}.Release|Any CPU.Build.0 = Release|Any CPU
		{1E494369-B6A8-42AC-A1F3-66348B21B267}.Debug|Any CPU.ActiveCfg = Debug|Any CPU
		{1E494369-B6A8-42AC-A1F3-66348B21B267}.Debug|Any CPU.Build.0 = Debug|Any CPU
		{1E494369-B6A8-42AC-A1F3-66348B21B267}.Release|Any CPU.ActiveCfg = Release|Any CPU
		{1E494369-B6A8-42AC-A1F3-66348B21B267}.Release|Any CPU.Build.0 = Release|Any CPU
		{AF931B85-0A0B-4F74-AC61-A196B42B4E1D}.Debug|Any CPU.ActiveCfg = Debug|Any CPU
		{AF931B85-0A0B-4F74-AC61-A196B42B4E1D}.Debug|Any CPU.Build.0 = Debug|Any CPU
		{AF931B85-0A0B-4F74-AC61-A196B42B4E1D}.Release|Any CPU.ActiveCfg = Release|Any CPU
		{AF931B85-0A0B-4F74-AC61-A196B42B4E1D}.Release|Any CPU.Build.0 = Release|Any CPU
		{D921E4E6-2E01-4C60-BFF2-227154227DBB}.Debug|Any CPU.ActiveCfg = Debug|Any CPU
		{D921E4E6-2E01-4C60-BFF2-227154227DBB}.Debug|Any CPU.Build.0 = Debug|Any CPU
		{D921E4E6-2E01-4C60-BFF2-227154227DBB}.Release|Any CPU.ActiveCfg = Release|Any CPU
		{D921E4E6-2E01-4C60-BFF2-227154227DBB}.Release|Any CPU.Build.0 = Release|Any CPU
		{48733B42-1046-4F67-9686-5C3D439B3777}.Debug|Any CPU.ActiveCfg = Debug|Any CPU
		{48733B42-1046-4F67-9686-5C3D439B3777}.Debug|Any CPU.Build.0 = Debug|Any CPU
		{48733B42-1046-4F67-9686-5C3D439B3777}.Release|Any CPU.ActiveCfg = Release|Any CPU
		{48733B42-1046-4F67-9686-5C3D439B3777}.Release|Any CPU.Build.0 = Release|Any CPU
		{E8B5918A-1133-4DAB-974F-10C0105742A9}.Debug|Any CPU.ActiveCfg = Debug|Any CPU
		{E8B5918A-1133-4DAB-974F-10C0105742A9}.Debug|Any CPU.Build.0 = Debug|Any CPU
		{E8B5918A-1133-4DAB-974F-10C0105742A9}.Release|Any CPU.ActiveCfg = Release|Any CPU
		{E8B5918A-1133-4DAB-974F-10C0105742A9}.Release|Any CPU.Build.0 = Release|Any CPU
		{72BB7D44-4DBC-4304-981A-F093E43DA2C3}.Debug|Any CPU.ActiveCfg = Debug|Any CPU
		{72BB7D44-4DBC-4304-981A-F093E43DA2C3}.Debug|Any CPU.Build.0 = Debug|Any CPU
		{72BB7D44-4DBC-4304-981A-F093E43DA2C3}.Release|Any CPU.ActiveCfg = Release|Any CPU
		{72BB7D44-4DBC-4304-981A-F093E43DA2C3}.Release|Any CPU.Build.0 = Release|Any CPU
		{45B2A729-A239-44D7-A41D-804A20C2FE34}.Debug|Any CPU.ActiveCfg = Debug|Any CPU
		{45B2A729-A239-44D7-A41D-804A20C2FE34}.Debug|Any CPU.Build.0 = Debug|Any CPU
		{45B2A729-A239-44D7-A41D-804A20C2FE34}.Release|Any CPU.ActiveCfg = Release|Any CPU
		{45B2A729-A239-44D7-A41D-804A20C2FE34}.Release|Any CPU.Build.0 = Release|Any CPU
		{A0376C56-AC75-4AC8-BBD4-880B3E1134B4}.Debug|Any CPU.ActiveCfg = Debug|Any CPU
		{A0376C56-AC75-4AC8-BBD4-880B3E1134B4}.Debug|Any CPU.Build.0 = Debug|Any CPU
		{A0376C56-AC75-4AC8-BBD4-880B3E1134B4}.Release|Any CPU.ActiveCfg = Release|Any CPU
		{A0376C56-AC75-4AC8-BBD4-880B3E1134B4}.Release|Any CPU.Build.0 = Release|Any CPU
		{F7C45445-7D0B-424B-86B6-6762178A3C89}.Debug|Any CPU.ActiveCfg = Debug|Any CPU
		{F7C45445-7D0B-424B-86B6-6762178A3C89}.Debug|Any CPU.Build.0 = Debug|Any CPU
		{F7C45445-7D0B-424B-86B6-6762178A3C89}.Release|Any CPU.ActiveCfg = Release|Any CPU
		{F7C45445-7D0B-424B-86B6-6762178A3C89}.Release|Any CPU.Build.0 = Release|Any CPU
		{1A428D40-8846-4287-908D-A9368B95ADC1}.Debug|Any CPU.ActiveCfg = Debug|Any CPU
		{1A428D40-8846-4287-908D-A9368B95ADC1}.Debug|Any CPU.Build.0 = Debug|Any CPU
		{1A428D40-8846-4287-908D-A9368B95ADC1}.Release|Any CPU.ActiveCfg = Release|Any CPU
		{1A428D40-8846-4287-908D-A9368B95ADC1}.Release|Any CPU.Build.0 = Release|Any CPU
	EndGlobalSection
	GlobalSection(NestedProjects) = preSolution
		{5EACCEA7-43C9-4B87-9BA0-EB44E9B11D05} = {F4D7B1A6-EFE0-47F2-A335-796609419F49}
		{18C24976-E6CF-42A5-A826-A06165DA3AF5} = {F4D7B1A6-EFE0-47F2-A335-796609419F49}
		{6E308DFD-9D6B-4D43-9755-888D4831759E} = {F4D7B1A6-EFE0-47F2-A335-796609419F49}
		{A2BB5D19-87CC-4E24-A532-2B59D6AA1CEA} = {A242872C-59A3-41CD-90D0-ADE3ECBFD43B}
		{12069120-BEEE-4071-906C-88D1A5876886} = {A92D71F4-B202-487E-9832-C71F6A64C20B}
		{38A52742-28F9-4C5A-8896-894214A3DDB9} = {F4D7B1A6-EFE0-47F2-A335-796609419F49}
		{2FBA6E12-C6D5-43A1-9B16-881947D6B9AE} = {A242872C-59A3-41CD-90D0-ADE3ECBFD43B}
		{FDF4C1E6-313D-4D6D-8A3A-0D186A7A7A20} = {F4D7B1A6-EFE0-47F2-A335-796609419F49}
		{AC1CDF0D-0873-4707-94EF-69B8B918EDE7} = {F4D7B1A6-EFE0-47F2-A335-796609419F49}
		{1E494369-B6A8-42AC-A1F3-66348B21B267} = {A242872C-59A3-41CD-90D0-ADE3ECBFD43B}
		{AF931B85-0A0B-4F74-AC61-A196B42B4E1D} = {A242872C-59A3-41CD-90D0-ADE3ECBFD43B}
		{D921E4E6-2E01-4C60-BFF2-227154227DBB} = {F4D7B1A6-EFE0-47F2-A335-796609419F49}
		{48733B42-1046-4F67-9686-5C3D439B3777} = {A242872C-59A3-41CD-90D0-ADE3ECBFD43B}
		{E8B5918A-1133-4DAB-974F-10C0105742A9} = {A242872C-59A3-41CD-90D0-ADE3ECBFD43B}
		{72BB7D44-4DBC-4304-981A-F093E43DA2C3} = {A92D71F4-B202-487E-9832-C71F6A64C20B}
		{45B2A729-A239-44D7-A41D-804A20C2FE34} = {A92D71F4-B202-487E-9832-C71F6A64C20B}
		{A0376C56-AC75-4AC8-BBD4-880B3E1134B4} = {A92D71F4-B202-487E-9832-C71F6A64C20B}
		{F7C45445-7D0B-424B-86B6-6762178A3C89} = {F4D7B1A6-EFE0-47F2-A335-796609419F49}
		{1A428D40-8846-4287-908D-A9368B95ADC1} = {A242872C-59A3-41CD-90D0-ADE3ECBFD43B}
	EndGlobalSection
EndGlobal
